Microsoft Visual Studio Solution File, Format Version 12.00
# Visual Studio Version 17
VisualStudioVersion = 17.5.2.0
MinimumVisualStudioVersion = 10.0.40219.1
Project("{FAE04EC0-301F-11D3-BF4B-00C04F79EFBC}") = "ps4", "ps4.csproj", "{36603BCE-BC9F-6B15-DD4C-7E6F9E0A0FF9}"
EndProject
Global
	GlobalSection(SolutionConfigurationPlatforms) = preSolution
		Debug|Any CPU = Debug|Any CPU
		Release|Any CPU = Release|Any CPU
	EndGlobalSection
	GlobalSection(ProjectConfigurationPlatforms) = postSolution
		{36603BCE-BC9F-6B15-DD4C-7E6F9E0A0FF9}.Debug|Any CPU.ActiveCfg = Debug|Any CPU
		{36603BCE-BC9F-6B15-DD4C-7E6F9E0A0FF9}.Debug|Any CPU.Build.0 = Debug|Any CPU
		{36603BCE-BC9F-6B15-DD4C-7E6F9E0A0FF9}.Release|Any CPU.ActiveCfg = Release|Any CPU
		{36603BCE-BC9F-6B15-DD4C-7E6F9E0A0FF9}.Release|Any CPU.Build.0 = Release|Any CPU
	EndGlobalSection
	GlobalSection(SolutionProperties) = preSolution
		HideSolutionNode = FALSE
	EndGlobalSection
	GlobalSection(ExtensibilityGlobals) = postSolution
		SolutionGuid = {7B294157-8BA9-4A94-9E0C-7F398720AE06}
	EndGlobalSection
EndGlobal
